
Microsoft Visual Studio Solution File, Format Version 12.00
# Visual Studio Version 17
VisualStudioVersion = 17.0.32112.339
MinimumVisualStudioVersion = 10.0.40219.1
Project("{FAE04EC0-301F-11D3-BF4B-00C04F79EFBC}") = "Grams", "Grams.csproj", "{B8632FD0-5D94-4309-A7C3-25EE3A8730E6}"
EndProject
Global
	GlobalSection(SolutionConfigurationPlatforms) = preSolution
		Debug|Any CPU = Debug|Any CPU
		Release|Any CPU = Release|Any CPU
	EndGlobalSection
	GlobalSection(ProjectConfigurationPlatforms) = postSolution
		{B8632FD0-5D94-4309-A7C3-25EE3A8730E6}.Debug|Any CPU.ActiveCfg = Debug|Any CPU
		{B8632FD0-5D94-4309-A7C3-25EE3A8730E6}.Debug|Any CPU.Build.0 = Debug|Any CPU
		{B8632FD0-5D94-4309-A7C3-25EE3A8730E6}.Release|Any CPU.ActiveCfg = Release|Any CPU
		{B8632FD0-5D94-4309-A7C3-25EE3A8730E6}.Release|Any CPU.Build.0 = Release|Any CPU
	EndGlobalSection
	GlobalSection(SolutionProperties) = preSolution
		HideSolutionNode = FALSE
	EndGlobalSection
	GlobalSection(ExtensibilityGlobals) = postSolution
		SolutionGuid = {7744C22C-C7ED-4CCC-A2C0-36E2AE7D861C}
	EndGlobalSection
EndGlobal
